{
    "version": 3,
    "terraform_version": "0.11.13",
    "serial": 3,
    "lineage": "6557b12d-2ca2-ce32-ca14-0db7a2e268ff",
    "modules": [
        {
            "path": [
                "root"
            ],
            "outputs": {
                "raddit_public_ip": {
                    "sensitive": false,
                    "type": "string",
                    "value": "35.205.160.241"
                }
            },
            "resources": {
                "google_compute_firewall.raddit": {
                    "type": "google_compute_firewall",
                    "depends_on": [],
                    "primary": {
                        "id": "allow-raddit-tcp-9292",
                        "attributes": {
                            "allow.#": "1",
                            "allow.931060522.ports.#": "1",
                            "allow.931060522.ports.0": "9292",
                            "allow.931060522.protocol": "tcp",
                            "deny.#": "0",
                            "description": "",
                            "destination_ranges.#": "0",
                            "id": "allow-raddit-tcp-9292",
                            "name": "allow-raddit-tcp-9292",
                            "network": "https://www.googleapis.com/compute/v1/projects/iac-example/global/networks/default",
                            "priority": "1000",
                            "project": "iac-example",
                            "self_link": "https://www.googleapis.com/compute/v1/projects/iac-example/global/firewalls/allow-raddit-tcp-9292",
                            "source_ranges.#": "1",
                            "source_ranges.1080289494": "0.0.0.0/0",
                            "source_service_accounts.#": "0",
                            "source_tags.#": "0",
                            "target_service_accounts.#": "0",
                            "target_tags.#": "0"
                        },
                        "meta": {
                            "schema_version": "1"
                        },
                        "tainted": false
                    },
                    "deposed": [],
                    "provider": "provider.google"
                },
                "google_compute_instance.raddit": {
                    "type": "google_compute_instance",
                    "depends_on": [],
                    "primary": {
                        "id": "raddit-instance",
                        "attributes": {
                            "attached_disk.#": "0",
                            "boot_disk.#": "1",
                            "boot_disk.0.auto_delete": "true",
                            "boot_disk.0.device_name": "persistent-disk-0",
                            "boot_disk.0.disk_encryption_key_raw": "",
                            "boot_disk.0.disk_encryption_key_sha256": "",
                            "boot_disk.0.initialize_params.#": "1",
                            "boot_disk.0.initialize_params.0.image": "raddit-base",
                            "boot_disk.0.initialize_params.0.size": "0",
                            "boot_disk.0.initialize_params.0.type": "",
                            "boot_disk.0.source": "https://www.googleapis.com/compute/v1/projects/iac-example/zones/europe-west1-b/disks/raddit-instance",
                            "can_ip_forward": "false",
                            "cpu_platform": "Intel Haswell",
                            "create_timeout": "4",
                            "guest_accelerator.#": "0",
                            "id": "raddit-instance",
                            "instance_id": "8164158465908537133",
                            "label_fingerprint": "42WmSpB8rSM=",
                            "machine_type": "n1-standard-1",
                            "metadata.%": "0",
                            "metadata_fingerprint": "njDzcifAvJI=",
                            "min_cpu_platform": "",
                            "name": "raddit-instance",
                            "network_interface.#": "1",
                            "network_interface.0.access_config.#": "1",
                            "network_interface.0.access_config.0.assigned_nat_ip": "35.205.160.241",
                            "network_interface.0.access_config.0.nat_ip": "35.205.160.241",
                            "network_interface.0.address": "10.132.0.7",
                            "network_interface.0.alias_ip_range.#": "0",
                            "network_interface.0.name": "nic0",
                            "network_interface.0.network": "https://www.googleapis.com/compute/v1/projects/iac-example/global/networks/default",
                            "network_interface.0.network_ip": "10.132.0.7",
                            "network_interface.0.subnetwork": "https://www.googleapis.com/compute/v1/projects/iac-example/regions/europe-west1/subnetworks/default",
                            "network_interface.0.subnetwork_project": "iac-example",
                            "project": "iac-example",
                            "scheduling.#": "1",
                            "scheduling.0.automatic_restart": "true",
                            "scheduling.0.on_host_maintenance": "MIGRATE",
                            "scheduling.0.preemptible": "false",
                            "scratch_disk.#": "0",
                            "self_link": "https://www.googleapis.com/compute/v1/projects/iac-example/zones/europe-west1-b/instances/raddit-instance",
                            "service_account.#": "0",
                            "tags_fingerprint": "42WmSpB8rSM=",
                            "zone": "europe-west1-b"
                        },
                        "meta": {
                            "schema_version": "6"
                        },
                        "tainted": false
                    },
                    "deposed": [],
                    "provider": "provider.google"
                },
                "google_compute_project_metadata.raddit": {
                    "type": "google_compute_project_metadata",
                    "depends_on": [],
                    "primary": {
                        "id": "common_metadata",
                        "attributes": {
                            "id": "common_metadata",
                            "metadata.%": "1",
                            "metadata.ssh-keys": "raddit-user:ssh-rsa AAAAB3NzaC1yc2EAAAADAQABAAABAQC9UoobuxmxSet/YYnRp3+AoLEpIXrqp9eesnSjrk7p9dW+Bt12+qTBSvex3gopVQo+xlag2TsNfIMQlN0/FqHvbQihGDr0NV/LXcgy0CLFES33MYDybFyLbHUQxNKfEh5Xkyo+vJUVOjjMVZzBIvyDcUhi1FYwW/3FW7Ye1oP0/E4E8jcrQ+ca16Tu43vDf/sn0kBJ8XDtR1DjLn05YZp5dopD3gljWSKYiL9GPve5jVWDvPOgOiUsA3Rrp3SIEGXoz+FJKLe/wuHIPzQjDm5r4h/u0G1mbTtsTLf+NcpF05UQ7k81w75G8+iJRwxL3upQxI9IrWpqMwz05eJxCwsN raddit-user\n"
                        },
                        "meta": {},
                        "tainted": false
                    },
                    "deposed": [],
                    "provider": "provider.google"
                }
            },
            "depends_on": []
        }
    ]
}
