{
    "version": 3,
    "terraform_version": "0.11.13",
    "serial": 1,
    "lineage": "cac00958-ec33-97cf-c6ca-b1aae0068e7b",
    "modules": [
        {
            "path": [
                "root"
            ],
            "outputs": {},
            "resources": {
                "google_compute_firewall.nodeports": {
                    "type": "google_compute_firewall",
                    "depends_on": [],
                    "primary": {
                        "id": "node-port-range",
                        "attributes": {
                            "allow.#": "1",
                            "allow.1307041314.ports.#": "1",
                            "allow.1307041314.ports.0": "30000-32767",
                            "allow.1307041314.protocol": "tcp",
                            "deny.#": "0",
                            "description": "",
                            "destination_ranges.#": "0",
                            "id": "node-port-range",
                            "name": "node-port-range",
                            "network": "https://www.googleapis.com/compute/v1/projects/iac-example/global/networks/default",
                            "priority": "1000",
                            "project": "iac-example",
                            "self_link": "https://www.googleapis.com/compute/v1/projects/iac-example/global/firewalls/node-port-range",
                            "source_ranges.#": "1",
                            "source_ranges.1080289494": "0.0.0.0/0",
                            "source_service_accounts.#": "0",
                            "source_tags.#": "0",
                            "target_service_accounts.#": "0",
                            "target_tags.#": "0"
                        },
                        "meta": {
                            "schema_version": "1"
                        },
                        "tainted": false
                    },
                    "deposed": [],
                    "provider": "provider.google"
                },
                "google_container_cluster.primary": {
                    "type": "google_container_cluster",
                    "depends_on": [],
                    "primary": {
                        "id": "iac-tutorial-cluster",
                        "attributes": {
                            "additional_zones.#": "0",
                            "addons_config.#": "1",
                            "addons_config.0.horizontal_pod_autoscaling.#": "0",
                            "addons_config.0.http_load_balancing.#": "0",
                            "addons_config.0.kubernetes_dashboard.#": "1",
                            "addons_config.0.kubernetes_dashboard.0.disabled": "true",
                            "cluster_ipv4_cidr": "10.52.0.0/14",
                            "description": "This cluster was created as part of IaC tutorial",
                            "enable_kubernetes_alpha": "false",
                            "enable_legacy_abac": "true",
                            "endpoint": "35.195.95.12",
                            "id": "iac-tutorial-cluster",
                            "initial_node_count": "2",
                            "instance_group_urls.#": "1",
                            "instance_group_urls.0": "https://www.googleapis.com/compute/v1/projects/iac-example/zones/europe-west1-b/instanceGroups/gke-iac-tutorial-cluster-default-pool-4cf31b66-grp",
                            "logging_service": "logging.googleapis.com",
                            "master_auth.#": "1",
                            "master_auth.0.client_certificate": "LS0tLS1CRUdJTiBDRVJUSUZJQ0FURS0tLS0tCk1JSUMyekNDQWNPZ0F3SUJBZ0lSQUsxV2llZnhhZ3dCU2FTNXpjeFJJUDh3RFFZSktvWklodmNOQVFFTEJRQXcKTHpFdE1Dc0dBMVVFQXhNa04ySTNPVGhsTnpjdFltUTFPUzAwTnprM0xUbGlZekl0T1RnM01USXpOVEppWkRWagpNQjRYRFRFNU1EVXdPVEU1TlRReE5Gb1hEVEkwTURVd056RTVOVFF4TkZvd0VURVBNQTBHQTFVRUF4TUdZMnhwClpXNTBNSUlCSWpBTkJna3Foa2lHOXcwQkFRRUZBQU9DQVE4QU1JSUJDZ0tDQVFFQXNKRURLYXpUdWxvS2RLeGQKaCs3aWhpY2NCUmJxMVlLa0o2QXZSTU1pTjhhZExDWnRIUDVHQlVVK3R6TWNHQ0orNUh1Rld6MUsrcE9WaUFnNQpLckNidFpTdHVaam53UTVNNS9mVVg0RFhKcDliY2JOb2p3QnJMeERxNE1mTHNkQkFBT2k5UFBtSk9YYTN5RlFWCktUSTU1aCtyeWNJbW9oK1dha1lOb2ZvNTdpVDdEeWpDN1REcG9tODErVXAwemgxY2ZRMU12SklTVlMyNzJNY1kKQjdzcW8yR0orZzNYY2F4QkMvMlVBUm1QSnduZy9DUHFRejJ6SlpaNnd6WlVWSXhrbUoxaEFMQ1ZPaUUwTXZ6MQpGTFRhSXNNaVJiTG9Lb0g2bk1qNjdxTzg2c0tZZlF5SitXd3pyUGRwVjZmNmhWSFpuTzJlZkNGRzBsbHpPKzZoCllob3V1UUlEQVFBQm94QXdEakFNQmdOVkhSTUJBZjhFQWpBQU1BMEdDU3FHU0liM0RRRUJDd1VBQTRJQkFRQm4KQ2g3K2Jkc2JQQTVVMnVkblBKRWg3Mi83S0R1UmNyQWxiNWJobWswWVdDNGMvYU1nV0Z2cWtBeENLOFh6RlA0Rwp5M2FVUVZTRjFmWmRaM2xRaXRDS1lFOHdaaFhGUEZmTnZoRStOSGIyRTNiR0p6a2dDSTd6S2FUYlM2dmxXc09XCjFOVVA4ckdLQklNbGZteFdwVmI1MTZVQ05JUGVySlNHcTNpUUpzaFlKMUQ0bGorVUpONWhQM2R6TUt1WTMzZEYKQTNtUWlMeDhDOFowRkpwTHFJWXVMNVJqaDdRZ3J5dWd5T1hlRGFZSE9IV0d2dUFPeTBPTVNiN3NtU0k4bmc2aQpneDdEZUhjblFENDRYekhET3E1UkFpRkVpNmgxZDk3MzlubmR0U3IyaXlVdmYzWmM5R3RkRHQwZkdtRzJWMDhDCks1emRjVWJrQ1lPVEdFWTB5TUJiCi0tLS0tRU5EIENFUlRJRklDQVRFLS0tLS0K",
                            "master_auth.0.client_key": "LS0tLS1CRUdJTiBSU0EgUFJJVkFURSBLRVktLS0tLQpNSUlFcFFJQkFBS0NBUUVBc0pFREthelR1bG9LZEt4ZGgrN2loaWNjQlJicTFZS2tKNkF2Uk1NaU44YWRMQ1p0CkhQNUdCVVUrdHpNY0dDSis1SHVGV3oxSytwT1ZpQWc1S3JDYnRaU3R1Wmpud1E1TTUvZlVYNERYSnA5YmNiTm8KandCckx4RHE0TWZMc2RCQUFPaTlQUG1KT1hhM3lGUVZLVEk1NWgrcnljSW1vaCtXYWtZTm9mbzU3aVQ3RHlqQwo3VERwb204MStVcDB6aDFjZlExTXZKSVNWUzI3Mk1jWUI3c3FvMkdKK2czWGNheEJDLzJVQVJtUEp3bmcvQ1BxClF6MnpKWlo2d3paVVZJeGttSjFoQUxDVk9pRTBNdnoxRkxUYUlzTWlSYkxvS29INm5NajY3cU84NnNLWWZReUoKK1d3enJQZHBWNmY2aFZIWm5PMmVmQ0ZHMGxsek8rNmhZaG91dVFJREFRQUJBb0lCQUJCc21OTDRXdVNmaWcveQoxYXQybnZjMExhRFNraXNrd1NEWGYzWWh3YTNYQ1psSkJNYlk1MG9IdUM4Qjc5ZlY0NkJjMWhtWDRNRGcyQnpFCmlRN055Vm94ZDV5SFd1MkVKMGEvc0s5bWxIem8vM0JhN0R1N0lmMUprVk94K2lKeStQVXNzU2U2SFpmdEVXanUKMjE0TzZFQmVDMVNUL1JTQkpEU0VDaklhVE9lNFBOSEhEVUFCUDZxSDZrS1A0U1pwTkE3QXptVzAvdDYxQUxhZApDR2J0WjNBQmRjRDUxOHNIZUVMUEtwRVpCZXlhM2d2SVpKTkIyK2ptaG9ZMndjeG1iWUNnRWowVEVsQ2hjdjQxClpZK2QraEhBUWp1dWc3VlFqVUVncHgybFRJOGhuSUJVYlNDK2lHZERrVmJ4R3FtRC9pUlZmNjJoSjhqbm9RZlEKcjVSYzR5VUNnWUVBM3lMVWNZN3IzS2o2OHBhdDQwU01FV0ZZcjNzVU5iTTNONnR1TTZhdXVKbnhvRUc2dDBubQpmYllpNzhuT1gyNFZyUUphU0xvUzRYdU5NdTNLblZOdGRqUGZaWE16ZUJKelZ3YWNTSWx2OEpwVnovZk9CeEZBCm1jZk5QODErc2tKeXA2U2Rrcm85N241L281NlJYM1diUUQ3a1haTzFMNndMWHdtSE9rNVU4UVVDZ1lFQXlwSlAKN2F5bVYyS0ViY2N6TmFlcFpoSFB0dWNMRExkMy9xSnAySnk2bGZIWFpOWDFETWZzUWluaFFyVWtuV25UcVorVwowMDArOS9qUllXc2FoVlNkVFliSTdYS0poRmdvMWRsMDN5L2hXWFN0TVkxZDJ2YmZpQmFCd0lOV3BkWExSMzF5CnR5aUV6Um01ZWdKWTlmaWtZTVNiMUdjc3QwNzZsc2JNVmxuNVJTVUNnWUVBdTVqeDJXTmFvMU1pWUhBVVU5MmUKa1VJeHFKOG10NXNzRWs2N3dRc2pIQ3E1UFkzbGFCSG1pY3htaFFrNnkzcW5HS1RBdVNKUG0ya2ZwakRMeHdlTQpJUE90bndLQ3hERm03VVN1Z2tHaWJqdWpaOHlrVjhiR2RFUEtLUmtncXNnNDB2OFFSM3J6ZEo2L3V4VW1qWVkzCjk0U294SS9acGZIVVFadW1LSHdRNSswQ2dZRUFqMkJ6dGpQSElINllZT0xuT2dqTGUzVUw0ZGN5R1BRYXVGM1kKTVBydGpZZTQvcVA1Wit4eEtudGQ5c3NqZVU4WUF5enpvZWRBdEY2bVJCOThpL1pSeURlb0szZ3dJVDRNMlIrcQordlYydU13K2NaNHZXZlgyVE9veE9FTTlwdTdsakZvY1Fjc3FBOGs3WUVJZEdTdTluTWhMeTFDamM3TXc1bHNhCjhkdUk5UWtDZ1lFQXpYT2s2R0NpVWNHMzhYVlpEYjljL3JDRElobWlPR0dkd2ZKMTdwOUJLSnVoTmdmZC9oU0oKYUxHTElES0M1WGQxSkszMFFjYU1RQmYxV1Byb0VncGtwRXozN2RmdENXNVBTbWhqSFE5OVZ4TGtnK1c2NFY3NQpxNVh0dkEvMVprZzBvc1crcTdhSVNVcDZVemt1RFh5Y09QWGJzQWplQ1lzK1lCZldkZ0YxNmcwPQotLS0tLUVORCBSU0EgUFJJVkFURSBLRVktLS0tLQo=",
                            "master_auth.0.cluster_ca_certificate": "LS0tLS1CRUdJTiBDRVJUSUZJQ0FURS0tLS0tCk1JSURDekNDQWZPZ0F3SUJBZ0lRRy9vM2hnVjJFc0tYVTZuays3SkZWekFOQmdrcWhraUc5dzBCQVFzRkFEQXYKTVMwd0t3WURWUVFERXlRM1lqYzVPR1UzTnkxaVpEVTVMVFEzT1RjdE9XSmpNaTA1T0RjeE1qTTFNbUprTldNdwpIaGNOTVRrd05UQTVNVGcxTkRFeldoY05NalF3TlRBM01UazFOREV6V2pBdk1TMHdLd1lEVlFRREV5UTNZamM1Ck9HVTNOeTFpWkRVNUxUUTNPVGN0T1dKak1pMDVPRGN4TWpNMU1tSmtOV013Z2dFaU1BMEdDU3FHU0liM0RRRUIKQVFVQUE0SUJEd0F3Z2dFS0FvSUJBUUNxU0dnd2gvSXd1eUpJUGFURlBnYnZ4TG51MmI1MmtiY0t2VzMvTjYvVQp3VW5jSU5wOXBkRnl4djVmNEplTkZoQ0pjcjY5QUM5NS9iQy9TTEJzVE9mYVFDUCtXMENFQy9rVFU1bjY0eXBFCktmZC9tZUorZWZVSXZzOE9lYU1wcEJFc1RCYnRRUDRENkhIdmJZaVhCbVRZUzNLRlU4QTh3eGp5Ynp1TDdRMWUKem8zcEpvZG5EZDR1djBwcVMvdjB0U3JycHFkdzFMWXZMMU4rRDZNSjVjOStXdHJmRUZkR1dtTW1RekJVejhqNwpYdHZPZU5XWEp6MzNhL2lZbkpTcTlqV3Y2REZWelordHowNnNNVlp0aHdRa0tocjJpeHNBSjh1TVl4akNOaGF4Ckt2ek42VDNrcGtab2ovclNFMGRjWXN6TUVBS1pTYmxSWUtmL1FWT0I4TzhiQWdNQkFBR2pJekFoTUE0R0ExVWQKRHdFQi93UUVBd0lDQkRBUEJnTlZIUk1CQWY4RUJUQURBUUgvTUEwR0NTcUdTSWIzRFFFQkN3VUFBNElCQVFCSAphbjk3T3lsWVRlbkxabXczcndpTnJHenpXc25BVkM4a3dORW5qRGVCNFBodlhlaHNscDFSK1h5dGdRNzVjaXJICi95SXgxd0F0NDNGSFVTek1HU3YzMjBvUFA0MFZ3a2ZFaXo0Qnd6QXJpdkhvampUQzdldHlqZnI4ZFd6eGthNi8KRHNydjQraGpXdDNIaVNydGZZS2pTUUczYW1Idm5HUEsrTEFjNGx2WXZwRnQ2OCszRmIwR3NVc3BEbWpqcFRGagptU0lwNmtrdUhaZnBySXB3QXd1akxQZUpqakVMdEgwTG5ueEdteTdUTjRqOVMySG10ZUdtM2lPSkR1cE1WZjF0CllyZWhPTUtOcWNEUndPSCtiSWdNUW02blpwWmZyK1NJbWx6UGlNUTQxUTMySFlRMHh2WjVpeWFRRVQ5U1U4WGUKZ3FxTjVsajNYQ2JEc2RNTHVlSmgKLS0tLS1FTkQgQ0VSVElGSUNBVEUtLS0tLQo=",
                            "master_auth.0.password": "noED9HdacVE2gTxX",
                            "master_auth.0.username": "admin",
                            "master_version": "1.11.8-gke.6",
                            "monitoring_service": "monitoring.googleapis.com",
                            "name": "iac-tutorial-cluster",
                            "network": "default",
                            "network_policy.#": "0",
                            "node_config.#": "1",
                            "node_config.0.disk_size_gb": "100",
                            "node_config.0.image_type": "COS",
                            "node_config.0.labels.%": "0",
                            "node_config.0.local_ssd_count": "0",
                            "node_config.0.machine_type": "n1-standard-1",
                            "node_config.0.metadata.%": "0",
                            "node_config.0.min_cpu_platform": "",
                            "node_config.0.oauth_scopes.#": "4",
                            "node_config.0.oauth_scopes.1277378754": "https://www.googleapis.com/auth/monitoring",
                            "node_config.0.oauth_scopes.1632638332": "https://www.googleapis.com/auth/devstorage.read_only",
                            "node_config.0.oauth_scopes.172152165": "https://www.googleapis.com/auth/logging.write",
                            "node_config.0.oauth_scopes.299962681": "https://www.googleapis.com/auth/compute",
                            "node_config.0.preemptible": "false",
                            "node_config.0.service_account": "default",
                            "node_config.0.tags.#": "1",
                            "node_config.0.tags.0": "iac-kubernetes",
                            "node_pool.#": "1",
                            "node_pool.0.autoscaling.#": "0",
                            "node_pool.0.initial_node_count": "2",
                            "node_pool.0.management.#": "1",
                            "node_pool.0.management.0.auto_repair": "false",
                            "node_pool.0.management.0.auto_upgrade": "false",
                            "node_pool.0.name": "default-pool",
                            "node_pool.0.name_prefix": "",
                            "node_pool.0.node_config.#": "1",
                            "node_pool.0.node_config.0.disk_size_gb": "100",
                            "node_pool.0.node_config.0.image_type": "COS",
                            "node_pool.0.node_config.0.labels.%": "0",
                            "node_pool.0.node_config.0.local_ssd_count": "0",
                            "node_pool.0.node_config.0.machine_type": "n1-standard-1",
                            "node_pool.0.node_config.0.metadata.%": "0",
                            "node_pool.0.node_config.0.min_cpu_platform": "",
                            "node_pool.0.node_config.0.oauth_scopes.#": "4",
                            "node_pool.0.node_config.0.oauth_scopes.1277378754": "https://www.googleapis.com/auth/monitoring",
                            "node_pool.0.node_config.0.oauth_scopes.1632638332": "https://www.googleapis.com/auth/devstorage.read_only",
                            "node_pool.0.node_config.0.oauth_scopes.172152165": "https://www.googleapis.com/auth/logging.write",
                            "node_pool.0.node_config.0.oauth_scopes.299962681": "https://www.googleapis.com/auth/compute",
                            "node_pool.0.node_config.0.preemptible": "false",
                            "node_pool.0.node_config.0.service_account": "default",
                            "node_pool.0.node_config.0.tags.#": "1",
                            "node_pool.0.node_config.0.tags.0": "iac-kubernetes",
                            "node_pool.0.node_count": "2",
                            "node_version": "1.11.8-gke.6",
                            "project": "iac-example",
                            "subnetwork": "default",
                            "zone": "europe-west1-b"
                        },
                        "meta": {
                            "e2bfb730-ecaa-11e6-8f88-34363bc7c4c0": {
                                "create": 1800000000000,
                                "delete": 600000000000,
                                "update": 600000000000
                            },
                            "schema_version": "1"
                        },
                        "tainted": false
                    },
                    "deposed": [],
                    "provider": "provider.google"
                }
            },
            "depends_on": []
        }
    ]
}
